
Microsoft Visual Studio Solution File, Format Version 12.00
# Visual Studio Version 17
VisualStudioVersion = 17.7.34031.279
MinimumVisualStudioVersion = 10.0.40219.1
Project("{FAE04EC0-301F-11D3-BF4B-00C04F79EFBC}") = "Kiemtra90", "Kiemtra90\Kiemtra90.csproj", "{EB120DA2-A995-4225-A97E-0E348D9AFE65}"
EndProject
Global
	GlobalSection(SolutionConfigurationPlatforms) = preSolution
		Debug|Any CPU = Debug|Any CPU
		Release|Any CPU = Release|Any CPU
	EndGlobalSection
	GlobalSection(ProjectConfigurationPlatforms) = postSolution
		{EB120DA2-A995-4225-A97E-0E348D9AFE65}.Debug|Any CPU.ActiveCfg = Debug|Any CPU
		{EB120DA2-A995-4225-A97E-0E348D9AFE65}.Debug|Any CPU.Build.0 = Debug|Any CPU
		{EB120DA2-A995-4225-A97E-0E348D9AFE65}.Release|Any CPU.ActiveCfg = Release|Any CPU
		{EB120DA2-A995-4225-A97E-0E348D9AFE65}.Release|Any CPU.Build.0 = Release|Any CPU
	EndGlobalSection
	GlobalSection(SolutionProperties) = preSolution
		HideSolutionNode = FALSE
	EndGlobalSection
	GlobalSection(ExtensibilityGlobals) = postSolution
		SolutionGuid = {A846216A-6054-4CD0-9C39-F128218F3F24}
	EndGlobalSection
EndGlobal
